
Microsoft Visual Studio Solution File, Format Version 12.00
Project("{FAE04EC0-301F-11D3-BF4B-00C04F79EFBC}") = "Server", "Server\Server.csproj", "{E60F8945-700B-4BB9-B1E9-C990FA259858}"
EndProject
Project("{FAE04EC0-301F-11D3-BF4B-00C04F79EFBC}") = "Client", "Client\Client.csproj", "{76414580-848F-46C8-9DCD-C6F9BAF1F7D4}"
EndProject
Global
	GlobalSection(SolutionConfigurationPlatforms) = preSolution
		Debug|Any CPU = Debug|Any CPU
		Release|Any CPU = Release|Any CPU
	EndGlobalSection
	GlobalSection(ProjectConfigurationPlatforms) = postSolution
		{E60F8945-700B-4BB9-B1E9-C990FA259858}.Debug|Any CPU.ActiveCfg = Debug|Any CPU
		{E60F8945-700B-4BB9-B1E9-C990FA259858}.Debug|Any CPU.Build.0 = Debug|Any CPU
		{E60F8945-700B-4BB9-B1E9-C990FA259858}.Release|Any CPU.ActiveCfg = Release|Any CPU
		{E60F8945-700B-4BB9-B1E9-C990FA259858}.Release|Any CPU.Build.0 = Release|Any CPU
		{76414580-848F-46C8-9DCD-C6F9BAF1F7D4}.Debug|Any CPU.ActiveCfg = Debug|Any CPU
		{76414580-848F-46C8-9DCD-C6F9BAF1F7D4}.Debug|Any CPU.Build.0 = Debug|Any CPU
		{76414580-848F-46C8-9DCD-C6F9BAF1F7D4}.Release|Any CPU.ActiveCfg = Release|Any CPU
		{76414580-848F-46C8-9DCD-C6F9BAF1F7D4}.Release|Any CPU.Build.0 = Release|Any CPU
	EndGlobalSection
EndGlobal
