
Microsoft Visual Studio Solution File, Format Version 12.00
Project("{FAE04EC0-301F-11D3-BF4B-00C04F79EFBC}") = "Library", "Library\Library.csproj", "{407491A1-01D5-495E-8A69-453A511708F8}"
EndProject
Project("{FAE04EC0-301F-11D3-BF4B-00C04F79EFBC}") = "Client1", "Client1\Client1.csproj", "{4ABB1A8B-BF3D-44FE-BC4C-62F3C229CDBB}"
EndProject
Project("{FAE04EC0-301F-11D3-BF4B-00C04F79EFBC}") = "Client2", "Client2\Client2.csproj", "{DD454268-189D-429C-AF80-97D31CDC3AF0}"
EndProject
Global
	GlobalSection(SolutionConfigurationPlatforms) = preSolution
		Debug|Any CPU = Debug|Any CPU
		Release|Any CPU = Release|Any CPU
	EndGlobalSection
	GlobalSection(ProjectConfigurationPlatforms) = postSolution
		{407491A1-01D5-495E-8A69-453A511708F8}.Debug|Any CPU.ActiveCfg = Debug|Any CPU
		{407491A1-01D5-495E-8A69-453A511708F8}.Debug|Any CPU.Build.0 = Debug|Any CPU
		{407491A1-01D5-495E-8A69-453A511708F8}.Release|Any CPU.ActiveCfg = Release|Any CPU
		{407491A1-01D5-495E-8A69-453A511708F8}.Release|Any CPU.Build.0 = Release|Any CPU
		{4ABB1A8B-BF3D-44FE-BC4C-62F3C229CDBB}.Debug|Any CPU.ActiveCfg = Debug|Any CPU
		{4ABB1A8B-BF3D-44FE-BC4C-62F3C229CDBB}.Debug|Any CPU.Build.0 = Debug|Any CPU
		{4ABB1A8B-BF3D-44FE-BC4C-62F3C229CDBB}.Release|Any CPU.ActiveCfg = Release|Any CPU
		{4ABB1A8B-BF3D-44FE-BC4C-62F3C229CDBB}.Release|Any CPU.Build.0 = Release|Any CPU
		{DD454268-189D-429C-AF80-97D31CDC3AF0}.Debug|Any CPU.ActiveCfg = Debug|Any CPU
		{DD454268-189D-429C-AF80-97D31CDC3AF0}.Debug|Any CPU.Build.0 = Debug|Any CPU
		{DD454268-189D-429C-AF80-97D31CDC3AF0}.Release|Any CPU.ActiveCfg = Release|Any CPU
		{DD454268-189D-429C-AF80-97D31CDC3AF0}.Release|Any CPU.Build.0 = Release|Any CPU
	EndGlobalSection
EndGlobal
