
Microsoft Visual Studio Solution File, Format Version 12.00
# Visual Studio 15
VisualStudioVersion = 15.0.26124.0
MinimumVisualStudioVersion = 15.0.26124.0
Project("{FAE04EC0-301F-11D3-BF4B-00C04F79EFBC}") = "API", "API\API.csproj", "{AD677D4D-1C50-46EF-A67B-133E1AAC462F}"
EndProject
Project("{FAE04EC0-301F-11D3-BF4B-00C04F79EFBC}") = "Server", "Server\Server.csproj", "{6A5F11D7-6DFC-4137-9C4D-70A91C55EF1A}"
EndProject
Project("{FAE04EC0-301F-11D3-BF4B-00C04F79EFBC}") = "Models", "Models\Models.csproj", "{18A00647-A614-4698-A8D0-7A69AB9DF0E4}"
EndProject
Global
	GlobalSection(SolutionConfigurationPlatforms) = preSolution
		Debug|Any CPU = Debug|Any CPU
		Debug|x64 = Debug|x64
		Debug|x86 = Debug|x86
		Release|Any CPU = Release|Any CPU
		Release|x64 = Release|x64
		Release|x86 = Release|x86
	EndGlobalSection
	GlobalSection(SolutionProperties) = preSolution
		HideSolutionNode = FALSE
	EndGlobalSection
	GlobalSection(ProjectConfigurationPlatforms) = postSolution
		{AD677D4D-1C50-46EF-A67B-133E1AAC462F}.Debug|Any CPU.ActiveCfg = Debug|Any CPU
		{AD677D4D-1C50-46EF-A67B-133E1AAC462F}.Debug|Any CPU.Build.0 = Debug|Any CPU
		{AD677D4D-1C50-46EF-A67B-133E1AAC462F}.Debug|x64.ActiveCfg = Debug|Any CPU
		{AD677D4D-1C50-46EF-A67B-133E1AAC462F}.Debug|x64.Build.0 = Debug|Any CPU
		{AD677D4D-1C50-46EF-A67B-133E1AAC462F}.Debug|x86.ActiveCfg = Debug|Any CPU
		{AD677D4D-1C50-46EF-A67B-133E1AAC462F}.Debug|x86.Build.0 = Debug|Any CPU
		{AD677D4D-1C50-46EF-A67B-133E1AAC462F}.Release|Any CPU.ActiveCfg = Release|Any CPU
		{AD677D4D-1C50-46EF-A67B-133E1AAC462F}.Release|Any CPU.Build.0 = Release|Any CPU
		{AD677D4D-1C50-46EF-A67B-133E1AAC462F}.Release|x64.ActiveCfg = Release|Any CPU
		{AD677D4D-1C50-46EF-A67B-133E1AAC462F}.Release|x64.Build.0 = Release|Any CPU
		{AD677D4D-1C50-46EF-A67B-133E1AAC462F}.Release|x86.ActiveCfg = Release|Any CPU
		{AD677D4D-1C50-46EF-A67B-133E1AAC462F}.Release|x86.Build.0 = Release|Any CPU
		{6A5F11D7-6DFC-4137-9C4D-70A91C55EF1A}.Debug|Any CPU.ActiveCfg = Debug|Any CPU
		{6A5F11D7-6DFC-4137-9C4D-70A91C55EF1A}.Debug|Any CPU.Build.0 = Debug|Any CPU
		{6A5F11D7-6DFC-4137-9C4D-70A91C55EF1A}.Debug|x64.ActiveCfg = Debug|Any CPU
		{6A5F11D7-6DFC-4137-9C4D-70A91C55EF1A}.Debug|x64.Build.0 = Debug|Any CPU
		{6A5F11D7-6DFC-4137-9C4D-70A91C55EF1A}.Debug|x86.ActiveCfg = Debug|Any CPU
		{6A5F11D7-6DFC-4137-9C4D-70A91C55EF1A}.Debug|x86.Build.0 = Debug|Any CPU
		{6A5F11D7-6DFC-4137-9C4D-70A91C55EF1A}.Release|Any CPU.ActiveCfg = Release|Any CPU
		{6A5F11D7-6DFC-4137-9C4D-70A91C55EF1A}.Release|Any CPU.Build.0 = Release|Any CPU
		{6A5F11D7-6DFC-4137-9C4D-70A91C55EF1A}.Release|x64.ActiveCfg = Release|Any CPU
		{6A5F11D7-6DFC-4137-9C4D-70A91C55EF1A}.Release|x64.Build.0 = Release|Any CPU
		{6A5F11D7-6DFC-4137-9C4D-70A91C55EF1A}.Release|x86.ActiveCfg = Release|Any CPU
		{6A5F11D7-6DFC-4137-9C4D-70A91C55EF1A}.Release|x86.Build.0 = Release|Any CPU
		{18A00647-A614-4698-A8D0-7A69AB9DF0E4}.Debug|Any CPU.ActiveCfg = Debug|Any CPU
		{18A00647-A614-4698-A8D0-7A69AB9DF0E4}.Debug|Any CPU.Build.0 = Debug|Any CPU
		{18A00647-A614-4698-A8D0-7A69AB9DF0E4}.Debug|x64.ActiveCfg = Debug|Any CPU
		{18A00647-A614-4698-A8D0-7A69AB9DF0E4}.Debug|x64.Build.0 = Debug|Any CPU
		{18A00647-A614-4698-A8D0-7A69AB9DF0E4}.Debug|x86.ActiveCfg = Debug|Any CPU
		{18A00647-A614-4698-A8D0-7A69AB9DF0E4}.Debug|x86.Build.0 = Debug|Any CPU
		{18A00647-A614-4698-A8D0-7A69AB9DF0E4}.Release|Any CPU.ActiveCfg = Release|Any CPU
		{18A00647-A614-4698-A8D0-7A69AB9DF0E4}.Release|Any CPU.Build.0 = Release|Any CPU
		{18A00647-A614-4698-A8D0-7A69AB9DF0E4}.Release|x64.ActiveCfg = Release|Any CPU
		{18A00647-A614-4698-A8D0-7A69AB9DF0E4}.Release|x64.Build.0 = Release|Any CPU
		{18A00647-A614-4698-A8D0-7A69AB9DF0E4}.Release|x86.ActiveCfg = Release|Any CPU
		{18A00647-A614-4698-A8D0-7A69AB9DF0E4}.Release|x86.Build.0 = Release|Any CPU
	EndGlobalSection
EndGlobal
